
Microsoft Visual Studio Solution File, Format Version 12.00
# Visual Studio Version 16
VisualStudioVersion = 16.0.33027.164
MinimumVisualStudioVersion = 10.0.40219.1
Project("{FAE04EC0-301F-11D3-BF4B-00C04F79EFBC}") = "Lab1V2", "Lab1V2\Lab1V2.csproj", "{1872178F-283B-440E-9E85-30E63796227A}"
EndProject
Global
	GlobalSection(SolutionConfigurationPlatforms) = preSolution
		Debug|Any CPU = Debug|Any CPU
		Release|Any CPU = Release|Any CPU
	EndGlobalSection
	GlobalSection(ProjectConfigurationPlatforms) = postSolution
		{1872178F-283B-440E-9E85-30E63796227A}.Debug|Any CPU.ActiveCfg = Debug|Any CPU
		{1872178F-283B-440E-9E85-30E63796227A}.Debug|Any CPU.Build.0 = Debug|Any CPU
		{1872178F-283B-440E-9E85-30E63796227A}.Release|Any CPU.ActiveCfg = Release|Any CPU
		{1872178F-283B-440E-9E85-30E63796227A}.Release|Any CPU.Build.0 = Release|Any CPU
	EndGlobalSection
	GlobalSection(SolutionProperties) = preSolution
		HideSolutionNode = FALSE
	EndGlobalSection
	GlobalSection(ExtensibilityGlobals) = postSolution
		SolutionGuid = {F742F98C-0F25-4195-AEB1-5A2409DBE8C3}
	EndGlobalSection
EndGlobal
